// !$*UTF8*$!
{
	archiveVersion = 1;
	classes = {
	};
	objectVersion = 50;
	objects = {

/* Begin PBXBuildFile section */
		7A5F654E2123D76C00099D4E /* AppDelegate.m in Sources */ = {isa = PBXBuildFile; fileRef = 7A5F654D2123D76C00099D4E /* AppDelegate.m */; };
		7A5F65512123D76C00099D4E /* ViewController.m in Sources */ = {isa = PBXBuildFile; fileRef = 7A5F65502123D76C00099D4E /* ViewController.m */; };
		7A5F65542123D76C00099D4E /* Main.storyboard in Resources */ = {isa = PBXBuildFile; fileRef = 7A5F65522123D76C00099D4E /* Main.storyboard */; };
		7A5F65562123D76D00099D4E /* Assets.xcassets in Resources */ = {isa = PBXBuildFile; fileRef = 7A5F65552123D76D00099D4E /* Assets.xcassets */; };
		7A5F65592123D76D00099D4E /* LaunchScreen.storyboard in Resources */ = {isa = PBXBuildFile; fileRef = 7A5F65572123D76D00099D4E /* LaunchScreen.storyboard */; };
		7A5F655C2123D76D00099D4E /* main.m in Sources */ = {isa = PBXBuildFile; fileRef = 7A5F655B2123D76D00099D4E /* main.m */; };
		7A5F65652123D7E300099D4E /* TCCircleProgressView.m in Sources */ = {isa = PBXBuildFile; fileRef = 7A5F65642123D7E300099D4E /* TCCircleProgressView.m */; };
		7A5F65682124284400099D4E /* CircleProgressView.swift in Sources */ = {isa = PBXBuildFile; fileRef = 7A5F65672124284400099D4E /* CircleProgressView.swift */; };
/* End PBXBuildFile section */

/* Begin PBXFileReference section */
		7A5F65492123D76C00099D4E /* CircleProgressView.app */ = {isa = PBXFileReference; explicitFileType = wrapper.application; includeInIndex = 0; path = CircleProgressView.app; sourceTree = BUILT_PRODUCTS_DIR; };
		7A5F654C2123D76C00099D4E /* AppDelegate.h */ = {isa = PBXFileReference; lastKnownFileType = sourcecode.c.h; path = AppDelegate.h; sourceTree = "<group>"; };
		7A5F654D2123D76C00099D4E /* AppDelegate.m */ = {isa = PBXFileReference; lastKnownFileType = sourcecode.c.objc; path = AppDelegate.m; sourceTree = "<group>"; };
		7A5F654F2123D76C00099D4E /* ViewController.h */ = {isa = PBXFileReference; lastKnownFileType = sourcecode.c.h; path = ViewController.h; sourceTree = "<group>"; };
		7A5F65502123D76C00099D4E /* ViewController.m */ = {isa = PBXFileReference; lastKnownFileType = sourcecode.c.objc; path = ViewController.m; sourceTree = "<group>"; };
		7A5F65532123D76C00099D4E /* Base */ = {isa = PBXFileReference; lastKnownFileType = file.storyboard; name = Base; path = Base.lproj/Main.storyboard; sourceTree = "<group>"; };
		7A5F65552123D76D00099D4E /* Assets.xcassets */ = {isa = PBXFileReference; lastKnownFileType = folder.assetcatalog; path = Assets.xcassets; sourceTree = "<group>"; };
		7A5F65582123D76D00099D4E /* Base */ = {isa = PBXFileReference; lastKnownFileType = file.storyboard; name = Base; path = Base.lproj/LaunchScreen.storyboard; sourceTree = "<group>"; };
		7A5F655A2123D76D00099D4E /* Info.plist */ = {isa = PBXFileReference; lastKnownFileType = text.plist.xml; path = Info.plist; sourceTree = "<group>"; };
		7A5F655B2123D76D00099D4E /* main.m */ = {isa = PBXFileReference; lastKnownFileType = sourcecode.c.objc; path = main.m; sourceTree = "<group>"; };
		7A5F65632123D7E300099D4E /* TCCircleProgressView.h */ = {isa = PBXFileReference; fileEncoding = 4; lastKnownFileType = sourcecode.c.h; path = TCCircleProgressView.h; sourceTree = "<group>"; };
		7A5F65642123D7E300099D4E /* TCCircleProgressView.m */ = {isa = PBXFileReference; fileEncoding = 4; lastKnownFileType = sourcecode.c.objc; path = TCCircleProgressView.m; sourceTree = "<group>"; };
		7A5F65662124284300099D4E /* CircleProgressView-Bridging-Header.h */ = {isa = PBXFileReference; lastKnownFileType = sourcecode.c.h; path = "CircleProgressView-Bridging-Header.h"; sourceTree = "<group>"; };
		7A5F65672124284400099D4E /* CircleProgressView.swift */ = {isa = PBXFileReference; lastKnownFileType = sourcecode.swift; path = CircleProgressView.swift; sourceTree = "<group>"; };
/* End PBXFileReference section */

/* Begin PBXFrameworksBuildPhase section */
		7A5F65462123D76C00099D4E /* Frameworks */ = {
			isa = PBXFrameworksBuildPhase;
			buildActionMask = 2147483647;
			files = (
			);
			runOnlyForDeploymentPostprocessing = 0;
		};
/* End PBXFrameworksBuildPhase section */

/* Begin PBXGroup section */
		7A5F65402123D76C00099D4E = {
			isa = PBXGroup;
			children = (
				7A5F654B2123D76C00099D4E /* CircleProgressView */,
				7A5F654A2123D76C00099D4E /* Products */,
			);
			sourceTree = "<group>";
		};
		7A5F654A2123D76C00099D4E /* Products */ = {
			isa = PBXGroup;
			children = (
				7A5F65492123D76C00099D4E /* CircleProgressView.app */,
			);
			name = Products;
			sourceTree = "<group>";
		};
		7A5F654B2123D76C00099D4E /* CircleProgressView */ = {
			isa = PBXGroup;
			children = (
				7A5F65622123D7C500099D4E /* ProgressView */,
				7A5F654C2123D76C00099D4E /* AppDelegate.h */,
				7A5F654D2123D76C00099D4E /* AppDelegate.m */,
				7A5F654F2123D76C00099D4E /* ViewController.h */,
				7A5F65502123D76C00099D4E /* ViewController.m */,
				7A5F65522123D76C00099D4E /* Main.storyboard */,
				7A5F65552123D76D00099D4E /* Assets.xcassets */,
				7A5F65572123D76D00099D4E /* LaunchScreen.storyboard */,
				7A5F655A2123D76D00099D4E /* Info.plist */,
				7A5F655B2123D76D00099D4E /* main.m */,
			);
			path = CircleProgressView;
			sourceTree = "<group>";
		};
		7A5F65622123D7C500099D4E /* ProgressView */ = {
			isa = PBXGroup;
			children = (
				7A5F65632123D7E300099D4E /* TCCircleProgressView.h */,
				7A5F65642123D7E300099D4E /* TCCircleProgressView.m */,
				7A5F65672124284400099D4E /* CircleProgressView.swift */,
				7A5F65662124284300099D4E /* CircleProgressView-Bridging-Header.h */,
			);
			path = ProgressView;
			sourceTree = "<group>";
		};
/* End PBXGroup section */

/* Begin PBXNativeTarget section */
		7A5F65482123D76C00099D4E /* CircleProgressView */ = {
			isa = PBXNativeTarget;
			buildConfigurationList = 7A5F655F2123D76D00099D4E /* Build configuration list for PBXNativeTarget "CircleProgressView" */;
			buildPhases = (
				7A5F65452123D76C00099D4E /* Sources */,
				7A5F65462123D76C00099D4E /* Frameworks */,
				7A5F65472123D76C00099D4E /* Resources */,
			);
			buildRules = (
			);
			dependencies = (
			);
			name = CircleProgressView;
			productName = CircleProgressView;
			productReference = 7A5F65492123D76C00099D4E /* CircleProgressView.app */;
			productType = "com.apple.product-type.application";
		};
/* End PBXNativeTarget section */

/* Begin PBXProject section */
		7A5F65412123D76C00099D4E /* Project object */ = {
			isa = PBXProject;
			attributes = {
				LastUpgradeCheck = 0940;
				ORGANIZATIONNAME = tcc;
				TargetAttributes = {
					7A5F65482123D76C00099D4E = {
						CreatedOnToolsVersion = 9.4.1;
						LastSwiftMigration = 0940;
					};
				};
			};
			buildConfigurationList = 7A5F65442123D76C00099D4E /* Build configuration list for PBXProject "CircleProgressView" */;
			compatibilityVersion = "Xcode 9.3";
			developmentRegion = en;
			hasScannedForEncodings = 0;
			knownRegions = (
				en,
				Base,
			);
			mainGroup = 7A5F65402123D76C00099D4E;
			productRefGroup = 7A5F654A2123D76C00099D4E /* Products */;
			projectDirPath = "";
			projectRoot = "";
			targets = (
				7A5F65482123D76C00099D4E /* CircleProgressView */,
			);
		};
/* End PBXProject section */

/* Begin PBXResourcesBuildPhase section */
		7A5F65472123D76C00099D4E /* Resources */ = {
			isa = PBXResourcesBuildPhase;
			buildActionMask = 2147483647;
			files = (
				7A5F65592123D76D00099D4E /* LaunchScreen.storyboard in Resources */,
				7A5F65562123D76D00099D4E /* Assets.xcassets in Resources */,
				7A5F65542123D76C00099D4E /* Main.storyboard in Resources */,
			);
			runOnlyForDeploymentPostprocessing = 0;
		};
/* End PBXResourcesBuildPhase section */

/* Begin PBXSourcesBuildPhase section */
		7A5F65452123D76C00099D4E /* Sources */ = {
			isa = PBXSourcesBuildPhase;
			buildActionMask = 2147483647;
			files = (
				7A5F65512123D76C00099D4E /* ViewController.m in Sources */,
				7A5F655C2123D76D00099D4E /* main.m in Sources */,
				7A5F65682124284400099D4E /* CircleProgressView.swift in Sources */,
				7A5F65652123D7E300099D4E /* TCCircleProgressView.m in Sources */,
				7A5F654E2123D76C00099D4E /* AppDelegate.m in Sources */,
			);
			runOnlyForDeploymentPostprocessing = 0;
		};
/* End PBXSourcesBuildPhase section */

/* Begin PBXVariantGroup section */
		7A5F65522123D76C00099D4E /* Main.storyboard */ = {
			isa = PBXVariantGroup;
			children = (
				7A5F65532123D76C00099D4E /* Base */,
			);
			name = Main.storyboard;
			sourceTree = "<group>";
		};
		7A5F65572123D76D00099D4E /* LaunchScreen.storyboard */ = {
			isa = PBXVariantGroup;
			children = (
				7A5F65582123D76D00099D4E /* Base */,
			);
			name = LaunchScreen.storyboard;
			sourceTree = "<group>";
		};
/* End PBXVariantGroup section */

/* Begin XCBuildConfiguration section */
		7A5F655D2123D76D00099D4E /* Debug */ = {
			isa = XCBuildConfiguration;
			buildSettings = {
				ALWAYS_SEARCH_USER_PATHS = NO;
				CLANG_ANALYZER_NONNULL = YES;
				CLANG_ANALYZER_NUMBER_OBJECT_CONVERSION = YES_AGGRESSIVE;
				CLANG_CXX_LANGUAGE_STANDARD = "gnu++14";
				CLANG_CXX_LIBRARY = "libc++";
				CLANG_ENABLE_MODULES = YES;
				CLANG_ENABLE_OBJC_ARC = YES;
				CLANG_ENABLE_OBJC_WEAK = YES;
				CLANG_WARN_BLOCK_CAPTURE_AUTORELEASING = YES;
				CLANG_WARN_BOOL_CONVERSION = YES;
				CLANG_WARN_COMMA = YES;
				CLANG_WARN_CONSTANT_CONVERSION = YES;
				CLANG_WARN_DEPRECATED_OBJC_IMPLEMENTATIONS = YES;
				CLANG_WARN_DIRECT_OBJC_ISA_USAGE = YES_ERROR;
				CLANG_WARN_DOCUMENTATION_COMMENTS = YES;
				CLANG_WARN_EMPTY_BODY = YES;
				CLANG_WARN_ENUM_CONVERSION = YES;
				CLANG_WARN_INFINITE_RECURSION = YES;
				CLANG_WARN_INT_CONVERSION = YES;
				CLANG_WARN_NON_LITERAL_NULL_CONVERSION = YES;
				CLANG_WARN_OBJC_IMPLICIT_RETAIN_SELF = YES;
				CLANG_WARN_OBJC_LITERAL_CONVERSION = YES;
				CLANG_WARN_OBJC_ROOT_CLASS = YES_ERROR;
				CLANG_WARN_RANGE_LOOP_ANALYSIS = YES;
				CLANG_WARN_STRICT_PROTOTYPES = YES;
				CLANG_WARN_SUSPICIOUS_MOVE = YES;
				CLANG_WARN_UNGUARDED_AVAILABILITY = YES_AGGRESSIVE;
				CLANG_WARN_UNREACHABLE_CODE = YES;
				CLANG_WARN__DUPLICATE_METHOD_MATCH = YES;
				CODE_SIGN_IDENTITY = "iPhone Developer";
				COPY_PHASE_STRIP = NO;
				DEBUG_INFORMATION_FORMAT = dwarf;
				DEFINES_MODULE = YES;
				ENABLE_STRICT_OBJC_MSGSEND = YES;
				ENABLE_TESTABILITY = YES;
				GCC_C_LANGUAGE_STANDARD = gnu11;
				GCC_DYNAMIC_NO_PIC = NO;
				GCC_NO_COMMON_BLOCKS = YES;
				GCC_OPTIMIZATION_LEVEL = 0;
				GCC_PREPROCESSOR_DEFINITIONS = (
					"DEBUG=1",
					"$(inherited)",
				);
				GCC_WARN_64_TO_32_BIT_CONVERSION = YES;
				GCC_WARN_ABOUT_RETURN_TYPE = YES_ERROR;
				GCC_WARN_UNDECLARED_SELECTOR = YES;
				GCC_WARN_UNINITIALIZED_AUTOS = YES_AGGRESSIVE;
				GCC_WARN_UNUSED_FUNCTION = YES;
				GCC_WARN_UNUSED_VARIABLE = YES;
				IPHONEOS_DEPLOYMENT_TARGET = 11.4;
				MTL_ENABLE_DEBUG_INFO = YES;
				ONLY_ACTIVE_ARCH = YES;
				SDKROOT = iphoneos;
			};
			name = Debug;
		};
		7A5F655E2123D76D00099D4E /* Release */ = {
			isa = XCBuildConfiguration;
			buildSettings = {
				ALWAYS_SEARCH_USER_PATHS = NO;
				CLANG_ANALYZER_NONNULL = YES;
				CLANG_ANALYZER_NUMBER_OBJECT_CONVERSION = YES_AGGRESSIVE;
				CLANG_CXX_LANGUAGE_STANDARD = "gnu++14";
				CLANG_CXX_LIBRARY = "libc++";
				CLANG_ENABLE_MODULES = YES;
				CLANG_ENABLE_OBJC_ARC = YES;
				CLANG_ENABLE_OBJC_WEAK = YES;
				CLANG_WARN_BLOCK_CAPTURE_AUTORELEASING = YES;
				CLANG_WARN_BOOL_CONVERSION = YES;
				CLANG_WARN_COMMA = YES;
				CLANG_WARN_CONSTANT_CONVERSION = YES;
				CLANG_WARN_DEPRECATED_OBJC_IMPLEMENTATIONS = YES;
				CLANG_WARN_DIRECT_OBJC_ISA_USAGE = YES_ERROR;
				CLANG_WARN_DOCUMENTATION_COMMENTS = YES;
				CLANG_WARN_EMPTY_BODY = YES;
				CLANG_WARN_ENUM_CONVERSION = YES;
				CLANG_WARN_INFINITE_RECURSION = YES;
				CLANG_WARN_INT_CONVERSION = YES;
				CLANG_WARN_NON_LITERAL_NULL_CONVERSION = YES;
				CLANG_WARN_OBJC_IMPLICIT_RETAIN_SELF = YES;
				CLANG_WARN_OBJC_LITERAL_CONVERSION = YES;
				CLANG_WARN_OBJC_ROOT_CLASS = YES_ERROR;
				CLANG_WARN_RANGE_LOOP_ANALYSIS = YES;
				CLANG_WARN_STRICT_PROTOTYPES = YES;
				CLANG_WARN_SUSPICIOUS_MOVE = YES;
				CLANG_WARN_UNGUARDED_AVAILABILITY = YES_AGGRESSIVE;
				CLANG_WARN_UNREACHABLE_CODE = YES;
				CLANG_WARN__DUPLICATE_METHOD_MATCH = YES;
				CODE_SIGN_IDENTITY = "iPhone Developer";
				COPY_PHASE_STRIP = NO;
				DEBUG_INFORMATION_FORMAT = "dwarf-with-dsym";
				DEFINES_MODULE = YES;
				ENABLE_NS_ASSERTIONS = NO;
				ENABLE_STRICT_OBJC_MSGSEND = YES;
				GCC_C_LANGUAGE_STANDARD = gnu11;
				GCC_NO_COMMON_BLOCKS = YES;
				GCC_WARN_64_TO_32_BIT_CONVERSION = YES;
				GCC_WARN_ABOUT_RETURN_TYPE = YES_ERROR;
				GCC_WARN_UNDECLARED_SELECTOR = YES;
				GCC_WARN_UNINITIALIZED_AUTOS = YES_AGGRESSIVE;
				GCC_WARN_UNUSED_FUNCTION = YES;
				GCC_WARN_UNUSED_VARIABLE = YES;
				IPHONEOS_DEPLOYMENT_TARGET = 11.4;
				MTL_ENABLE_DEBUG_INFO = NO;
				SDKROOT = iphoneos;
				VALIDATE_PRODUCT = YES;
			};
			name = Release;
		};
		7A5F65602123D76D00099D4E /* Debug */ = {
			isa = XCBuildConfiguration;
			buildSettings = {
				ASSETCATALOG_COMPILER_APPICON_NAME = AppIcon;
				CLANG_ENABLE_MODULES = YES;
				CODE_SIGN_STYLE = Automatic;
				DEVELOPMENT_TEAM = 6EHP882345;
				INFOPLIST_FILE = CircleProgressView/Info.plist;
				LD_RUNPATH_SEARCH_PATHS = (
					"$(inherited)",
					"@executable_path/Frameworks",
				);
				PRODUCT_BUNDLE_IDENTIFIER = "com.tc-tec.CircleProgressView";
				PRODUCT_NAME = "$(TARGET_NAME)";
				SWIFT_OBJC_BRIDGING_HEADER = "CircleProgressView/ProgressView/CircleProgressView-Bridging-Header.h";
				SWIFT_OPTIMIZATION_LEVEL = "-Onone";
				SWIFT_VERSION = 3.0;
				TARGETED_DEVICE_FAMILY = "1,2";
			};
			name = Debug;
		};
		7A5F65612123D76D00099D4E /* Release */ = {
			isa = XCBuildConfiguration;
			buildSettings = {
				ASSETCATALOG_COMPILER_APPICON_NAME = AppIcon;
				CLANG_ENABLE_MODULES = YES;
				CODE_SIGN_STYLE = Automatic;
				DEVELOPMENT_TEAM = 6EHP882345;
				INFOPLIST_FILE = CircleProgressView/Info.plist;
				LD_RUNPATH_SEARCH_PATHS = (
					"$(inherited)",
					"@executable_path/Frameworks",
				);
				PRODUCT_BUNDLE_IDENTIFIER = "com.tc-tec.CircleProgressView";
				PRODUCT_NAME = "$(TARGET_NAME)";
				SWIFT_OBJC_BRIDGING_HEADER = "CircleProgressView/ProgressView/CircleProgressView-Bridging-Header.h";
				SWIFT_VERSION = 3.0;
				TARGETED_DEVICE_FAMILY = "1,2";
			};
			name = Release;
		};
/* End XCBuildConfiguration section */

/* Begin XCConfigurationList section */
		7A5F65442123D76C00099D4E /* Build configuration list for PBXProject "CircleProgressView" */ = {
			isa = XCConfigurationList;
			buildConfigurations = (
				7A5F655D2123D76D00099D4E /* Debug */,
				7A5F655E2123D76D00099D4E /* Release */,
			);
			defaultConfigurationIsVisible = 0;
			defaultConfigurationName = Release;
		};
		7A5F655F2123D76D00099D4E /* Build configuration list for PBXNativeTarget "CircleProgressView" */ = {
			isa = XCConfigurationList;
			buildConfigurations = (
				7A5F65602123D76D00099D4E /* Debug */,
				7A5F65612123D76D00099D4E /* Release */,
			);
			defaultConfigurationIsVisible = 0;
			defaultConfigurationName = Release;
		};
/* End XCConfigurationList section */
	};
	rootObject = 7A5F65412123D76C00099D4E /* Project object */;
}
